PODS:
  - BSGridCollectionViewLayout (1.2.3)
  - BSImagePicker (2.10.0):
    - BSGridCollectionViewLayout (= 1.2.3)
    - BSImageView (= 1.0.3)
  - BSImageView (1.0.3)
  - JTAppleCalendar (7.1.7)
  - MBCircularProgressBar (0.3.5)
  - NewPopMenu (2.1.2)

DEPENDENCIES:
  - BSImagePicker (~> 2.8)
  - JTAppleCalendar (~> 7.0)
  - MBCircularProgressBar
  - NewPopMenu (~> 2.0)

SPEC REPOS:
  https://github.com/cocoapods/specs.git:
    - BSGridCollectionViewLayout
    - BSImagePicker
    - BSImageView
    - JTAppleCalendar
    - MBCircularProgressBar
    - NewPopMenu

SPEC CHECKSUMS:
  BSGridCollectionViewLayout: 568273e113fbc815f868f1898ef0465aee68f955
  BSImagePicker: fa0c15b6740e8aa7a7b7f0fe38a71ad4cfa0ec4a
  BSImageView: a149459433a2687157d034c78e059d30ac7f2544
  JTAppleCalendar: 96da4d8388fa6dc82d6a60d41ef36a015e167e2f
  MBCircularProgressBar: 0b795b722a5eb5b0923822f90474e2576a1a7855
  NewPopMenu: c6129e08e8192f6257ceb5f9a4357e1b59c6e2e7

PODFILE CHECKSUM: 00029c833222d2d34d2da31cb4ee72cd73419491

COCOAPODS: 1.5.3
