// !$*UTF8*$!
{
	archiveVersion = 1;
	classes = {
	};
	objectVersion = 50;
	objects = {

/* Begin PBXBuildFile section */
		AA031E0C218A3E8600818FC9 /* GoodInfoViewController.swift in Sources */ = {isa = PBXBuildFile; fileRef = AA031E0B218A3E8500818FC9 /* GoodInfoViewController.swift */; };
		AA031E0E218A42CD00818FC9 /* GoodsAvailableTableViewCell.swift in Sources */ = {isa = PBXBuildFile; fileRef = AA031E0D218A42CD00818FC9 /* GoodsAvailableTableViewCell.swift */; };
		AA08A0A3217536A800083C85 /* GoodViewController.swift in Sources */ = {isa = PBXBuildFile; fileRef = AA08A0A2217536A800083C85 /* GoodViewController.swift */; };
		AA08A0A5217656D700083C85 /* ArrivalInfoViewController.swift in Sources */ = {isa = PBXBuildFile; fileRef = AA08A0A4217656D700083C85 /* ArrivalInfoViewController.swift */; };
		AA08A0A7217679F700083C85 /* ArrivalInfoTableViewCell.swift in Sources */ = {isa = PBXBuildFile; fileRef = AA08A0A6217679F700083C85 /* ArrivalInfoTableViewCell.swift */; };
		AA08A0A92177E4A600083C85 /* AddGoodsToArrivalViewController.swift in Sources */ = {isa = PBXBuildFile; fileRef = AA08A0A82177E4A600083C85 /* AddGoodsToArrivalViewController.swift */; };
		AA08A0AB2177E4E000083C85 /* AddGoodsToArrivalTableViewCell.swift in Sources */ = {isa = PBXBuildFile; fileRef = AA08A0AA2177E4E000083C85 /* AddGoodsToArrivalTableViewCell.swift */; };
		AA169CB2217A6A3F00BF4C51 /* AddReceiptToArrivalViewController.swift in Sources */ = {isa = PBXBuildFile; fileRef = AA169CB1217A6A3F00BF4C51 /* AddReceiptToArrivalViewController.swift */; };
		AA169CB4217CAB1E00BF4C51 /* NewReceiptDocumentViewController.swift in Sources */ = {isa = PBXBuildFile; fileRef = AA169CB3217CAB1E00BF4C51 /* NewReceiptDocumentViewController.swift */; };
		AA24C48F215ED95E009938CC /* slippers.jpg in Resources */ = {isa = PBXBuildFile; fileRef = AA24C48E215ED95E009938CC /* slippers.jpg */; };
		AA830C46215568C800F004B3 /* AppDelegate.swift in Sources */ = {isa = PBXBuildFile; fileRef = AA830C45215568C800F004B3 /* AppDelegate.swift */; };
		AA830C48215568C800F004B3 /* ViewController.swift in Sources */ = {isa = PBXBuildFile; fileRef = AA830C47215568C800F004B3 /* ViewController.swift */; };
		AA830C4B215568C900F004B3 /* Main.storyboard in Resources */ = {isa = PBXBuildFile; fileRef = AA830C49215568C900F004B3 /* Main.storyboard */; };
		AA830C4D215568D000F004B3 /* Assets.xcassets in Resources */ = {isa = PBXBuildFile; fileRef = AA830C4C215568D000F004B3 /* Assets.xcassets */; };
		AA830C50215568D000F004B3 /* LaunchScreen.storyboard in Resources */ = {isa = PBXBuildFile; fileRef = AA830C4E215568D000F004B3 /* LaunchScreen.storyboard */; };
		AA830C5821557C4400F004B3 /* itemsTableViewCell.swift in Sources */ = {isa = PBXBuildFile; fileRef = AA830C5721557C4400F004B3 /* itemsTableViewCell.swift */; };
		AA830C5C2155862400F004B3 /* itemsTableViewController.swift in Sources */ = {isa = PBXBuildFile; fileRef = AA830C5B2155862400F004B3 /* itemsTableViewController.swift */; };
		AA830C602157D1D000F004B3 /* QRScannerController.swift in Sources */ = {isa = PBXBuildFile; fileRef = AA830C5F2157D1D000F004B3 /* QRScannerController.swift */; };
		AA96D523218F7A09000BB6F8 /* microphone.png in Resources */ = {isa = PBXBuildFile; fileRef = AA96D522218F7A09000BB6F8 /* microphone.png */; };
		AA96D53021902DBF000BB6F8 /* ChekListTableViewController.swift in Sources */ = {isa = PBXBuildFile; fileRef = AA96D52F21902DBF000BB6F8 /* ChekListTableViewController.swift */; };
		AA96D5322190470C000BB6F8 /* CheckListTableViewCell.swift in Sources */ = {isa = PBXBuildFile; fileRef = AA96D5312190470C000BB6F8 /* CheckListTableViewCell.swift */; };
		AA96D53521905171000BB6F8 /* CheckRecordViewController.swift in Sources */ = {isa = PBXBuildFile; fileRef = AA96D53421905171000BB6F8 /* CheckRecordViewController.swift */; };
		AA96D53721905F54000BB6F8 /* CheckRecordsTableViewCell.swift in Sources */ = {isa = PBXBuildFile; fileRef = AA96D53621905F54000BB6F8 /* CheckRecordsTableViewCell.swift */; };
		AAAECDE22187B49D00F426B1 /* UserInfoViewController.swift in Sources */ = {isa = PBXBuildFile; fileRef = AAAECDE12187B49D00F426B1 /* UserInfoViewController.swift */; };
		AADB9328216BDFC000AA2C34 /* SpeechViewController.swift in Sources */ = {isa = PBXBuildFile; fileRef = AADB9327216BDFC000AA2C34 /* SpeechViewController.swift */; };
		AADB932A2171E77900AA2C34 /* GoodsArrivalTableViewController.swift in Sources */ = {isa = PBXBuildFile; fileRef = AADB93292171E77900AA2C34 /* GoodsArrivalTableViewController.swift */; };
		AADB932C2171E7DA00AA2C34 /* GoodsArrivalTableViewCell.swift in Sources */ = {isa = PBXBuildFile; fileRef = AADB932B2171E7DA00AA2C34 /* GoodsArrivalTableViewCell.swift */; };
		AADB932E2173311F00AA2C34 /* Receipt.swift in Sources */ = {isa = PBXBuildFile; fileRef = AADB932D2173311F00AA2C34 /* Receipt.swift */; };
		AADB933021733B4500AA2C34 /* ReceiptController.swift in Sources */ = {isa = PBXBuildFile; fileRef = AADB932F21733B4500AA2C34 /* ReceiptController.swift */; };
		AADB93322173D4E800AA2C34 /* GoodsTableViewController.swift in Sources */ = {isa = PBXBuildFile; fileRef = AADB93312173D4E800AA2C34 /* GoodsTableViewController.swift */; };
		AADB93342173D52900AA2C34 /* GoodsTableViewCell.swift in Sources */ = {isa = PBXBuildFile; fileRef = AADB93332173D52900AA2C34 /* GoodsTableViewCell.swift */; };
		AAF9254921580500007D7ACE /* ItemsInfoTableViewController.swift in Sources */ = {isa = PBXBuildFile; fileRef = AAF9254821580500007D7ACE /* ItemsInfoTableViewController.swift */; };
		AAF9254B21582DE5007D7ACE /* Camera-03.png in Resources */ = {isa = PBXBuildFile; fileRef = AAF9254A21582DE4007D7ACE /* Camera-03.png */; };
		AAF9254D21582DED007D7ACE /* Camera-03.svg in Resources */ = {isa = PBXBuildFile; fileRef = AAF9254C21582DED007D7ACE /* Camera-03.svg */; };
		AAF9254F2158319A007D7ACE /* djinaro.jpg in Resources */ = {isa = PBXBuildFile; fileRef = AAF9254E21583199007D7ACE /* djinaro.jpg */; };
		AAF9255321583666007D7ACE /* backGround.jpg in Resources */ = {isa = PBXBuildFile; fileRef = AAF9255221583666007D7ACE /* backGround.jpg */; };
		AAF92555215AC1E0007D7ACE /* GoodsController.swift in Sources */ = {isa = PBXBuildFile; fileRef = AAF92554215AC1E0007D7ACE /* GoodsController.swift */; };
		AAF92557215AC4AC007D7ACE /* GoodsItem.swift in Sources */ = {isa = PBXBuildFile; fileRef = AAF92556215AC4AC007D7ACE /* GoodsItem.swift */; };
		AAF92559215C2E78007D7ACE /* GoodsInfoTableViewCell.swift in Sources */ = {isa = PBXBuildFile; fileRef = AAF92558215C2E78007D7ACE /* GoodsInfoTableViewCell.swift */; };
		AAF9255F215C4E94007D7ACE /* LocationImageViewController.swift in Sources */ = {isa = PBXBuildFile; fileRef = AAF9255E215C4E94007D7ACE /* LocationImageViewController.swift */; };
/* End PBXBuildFile section */

/* Begin PBXFileReference section */
		AA031E0B218A3E8500818FC9 /* GoodInfoViewController.swift */ = {isa = PBXFileReference; lastKnownFileType = sourcecode.swift; path = GoodInfoViewController.swift; sourceTree = "<group>"; };
		AA031E0D218A42CD00818FC9 /* GoodsAvailableTableViewCell.swift */ = {isa = PBXFileReference; lastKnownFileType = sourcecode.swift; path = GoodsAvailableTableViewCell.swift; sourceTree = "<group>"; };
		AA08A0A2217536A800083C85 /* GoodViewController.swift */ = {isa = PBXFileReference; lastKnownFileType = sourcecode.swift; path = GoodViewController.swift; sourceTree = "<group>"; };
		AA08A0A4217656D700083C85 /* ArrivalInfoViewController.swift */ = {isa = PBXFileReference; lastKnownFileType = sourcecode.swift; path = ArrivalInfoViewController.swift; sourceTree = "<group>"; };
		AA08A0A6217679F700083C85 /* ArrivalInfoTableViewCell.swift */ = {isa = PBXFileReference; lastKnownFileType = sourcecode.swift; path = ArrivalInfoTableViewCell.swift; sourceTree = "<group>"; };
		AA08A0A82177E4A600083C85 /* AddGoodsToArrivalViewController.swift */ = {isa = PBXFileReference; lastKnownFileType = sourcecode.swift; path = AddGoodsToArrivalViewController.swift; sourceTree = "<group>"; };
		AA08A0AA2177E4E000083C85 /* AddGoodsToArrivalTableViewCell.swift */ = {isa = PBXFileReference; lastKnownFileType = sourcecode.swift; path = AddGoodsToArrivalTableViewCell.swift; sourceTree = "<group>"; };
		AA169CB1217A6A3F00BF4C51 /* AddReceiptToArrivalViewController.swift */ = {isa = PBXFileReference; lastKnownFileType = sourcecode.swift; path = AddReceiptToArrivalViewController.swift; sourceTree = "<group>"; };
		AA169CB3217CAB1E00BF4C51 /* NewReceiptDocumentViewController.swift */ = {isa = PBXFileReference; lastKnownFileType = sourcecode.swift; path = NewReceiptDocumentViewController.swift; sourceTree = "<group>"; };
		AA24C48E215ED95E009938CC /* slippers.jpg */ = {isa = PBXFileReference; lastKnownFileType = image.jpeg; path = slippers.jpg; sourceTree = "<group>"; };
		AA830C42215568C800F004B3 /* Djinaro.app */ = {isa = PBXFileReference; explicitFileType = wrapper.application; includeInIndex = 0; path = Djinaro.app; sourceTree = BUILT_PRODUCTS_DIR; };
		AA830C45215568C800F004B3 /* AppDelegate.swift */ = {isa = PBXFileReference; lastKnownFileType = sourcecode.swift; path = AppDelegate.swift; sourceTree = "<group>"; };
		AA830C47215568C800F004B3 /* ViewController.swift */ = {isa = PBXFileReference; lastKnownFileType = sourcecode.swift; path = ViewController.swift; sourceTree = "<group>"; };
		AA830C4A215568C900F004B3 /* Base */ = {isa = PBXFileReference; lastKnownFileType = file.storyboard; name = Base; path = Base.lproj/Main.storyboard; sourceTree = "<group>"; };
		AA830C4C215568D000F004B3 /* Assets.xcassets */ = {isa = PBXFileReference; lastKnownFileType = folder.assetcatalog; path = Assets.xcassets; sourceTree = "<group>"; };
		AA830C4F215568D000F004B3 /* Base */ = {isa = PBXFileReference; lastKnownFileType = file.storyboard; name = Base; path = Base.lproj/LaunchScreen.storyboard; sourceTree = "<group>"; };
		AA830C51215568D000F004B3 /* Info.plist */ = {isa = PBXFileReference; lastKnownFileType = text.plist.xml; path = Info.plist; sourceTree = "<group>"; };
		AA830C5721557C4400F004B3 /* itemsTableViewCell.swift */ = {isa = PBXFileReference; lastKnownFileType = sourcecode.swift; path = itemsTableViewCell.swift; sourceTree = "<group>"; };
		AA830C5B2155862400F004B3 /* itemsTableViewController.swift */ = {isa = PBXFileReference; lastKnownFileType = sourcecode.swift; path = itemsTableViewController.swift; sourceTree = "<group>"; };
		AA830C5F2157D1D000F004B3 /* QRScannerController.swift */ = {isa = PBXFileReference; lastKnownFileType = sourcecode.swift; path = QRScannerController.swift; sourceTree = "<group>"; };
		AA96D522218F7A09000BB6F8 /* microphone.png */ = {isa = PBXFileReference; lastKnownFileType = image.png; path = microphone.png; sourceTree = "<group>"; };
		AA96D52F21902DBF000BB6F8 /* ChekListTableViewController.swift */ = {isa = PBXFileReference; lastKnownFileType = sourcecode.swift; path = ChekListTableViewController.swift; sourceTree = "<group>"; };
		AA96D5312190470C000BB6F8 /* CheckListTableViewCell.swift */ = {isa = PBXFileReference; lastKnownFileType = sourcecode.swift; path = CheckListTableViewCell.swift; sourceTree = "<group>"; };
		AA96D53421905171000BB6F8 /* CheckRecordViewController.swift */ = {isa = PBXFileReference; lastKnownFileType = sourcecode.swift; path = CheckRecordViewController.swift; sourceTree = "<group>"; };
		AA96D53621905F54000BB6F8 /* CheckRecordsTableViewCell.swift */ = {isa = PBXFileReference; lastKnownFileType = sourcecode.swift; path = CheckRecordsTableViewCell.swift; sourceTree = "<group>"; };
		AAAECDE12187B49D00F426B1 /* UserInfoViewController.swift */ = {isa = PBXFileReference; lastKnownFileType = sourcecode.swift; path = UserInfoViewController.swift; sourceTree = "<group>"; };
		AADB9327216BDFC000AA2C34 /* SpeechViewController.swift */ = {isa = PBXFileReference; lastKnownFileType = sourcecode.swift; path = SpeechViewController.swift; sourceTree = "<group>"; };
		AADB93292171E77900AA2C34 /* GoodsArrivalTableViewController.swift */ = {isa = PBXFileReference; lastKnownFileType = sourcecode.swift; path = GoodsArrivalTableViewController.swift; sourceTree = "<group>"; };
		AADB932B2171E7DA00AA2C34 /* GoodsArrivalTableViewCell.swift */ = {isa = PBXFileReference; lastKnownFileType = sourcecode.swift; path = GoodsArrivalTableViewCell.swift; sourceTree = "<group>"; };
		AADB932D2173311F00AA2C34 /* Receipt.swift */ = {isa = PBXFileReference; lastKnownFileType = sourcecode.swift; path = Receipt.swift; sourceTree = "<group>"; };
		AADB932F21733B4500AA2C34 /* ReceiptController.swift */ = {isa = PBXFileReference; lastKnownFileType = sourcecode.swift; path = ReceiptController.swift; sourceTree = "<group>"; };
		AADB93312173D4E800AA2C34 /* GoodsTableViewController.swift */ = {isa = PBXFileReference; lastKnownFileType = sourcecode.swift; path = GoodsTableViewController.swift; sourceTree = "<group>"; };
		AADB93332173D52900AA2C34 /* GoodsTableViewCell.swift */ = {isa = PBXFileReference; lastKnownFileType = sourcecode.swift; path = GoodsTableViewCell.swift; sourceTree = "<group>"; };
		AAF9254821580500007D7ACE /* ItemsInfoTableViewController.swift */ = {isa = PBXFileReference; lastKnownFileType = sourcecode.swift; path = ItemsInfoTableViewController.swift; sourceTree = "<group>"; };
		AAF9254A21582DE4007D7ACE /* Camera-03.png */ = {isa = PBXFileReference; lastKnownFileType = image.png; name = "Camera-03.png"; path = "Djinaro/Camera-03.png"; sourceTree = "<group>"; };
		AAF9254C21582DED007D7ACE /* Camera-03.svg */ = {isa = PBXFileReference; fileEncoding = 4; lastKnownFileType = text.xml; name = "Camera-03.svg"; path = "Djinaro/Camera-03.svg"; sourceTree = "<group>"; };
		AAF9254E21583199007D7ACE /* djinaro.jpg */ = {isa = PBXFileReference; lastKnownFileType = image.jpeg; path = djinaro.jpg; sourceTree = "<group>"; };
		AAF9255221583666007D7ACE /* backGround.jpg */ = {isa = PBXFileReference; lastKnownFileType = image.jpeg; path = backGround.jpg; sourceTree = "<group>"; };
		AAF92554215AC1E0007D7ACE /* GoodsController.swift */ = {isa = PBXFileReference; lastKnownFileType = sourcecode.swift; path = GoodsController.swift; sourceTree = "<group>"; };
		AAF92556215AC4AC007D7ACE /* GoodsItem.swift */ = {isa = PBXFileReference; lastKnownFileType = sourcecode.swift; path = GoodsItem.swift; sourceTree = "<group>"; };
		AAF92558215C2E78007D7ACE /* GoodsInfoTableViewCell.swift */ = {isa = PBXFileReference; lastKnownFileType = sourcecode.swift; path = GoodsInfoTableViewCell.swift; sourceTree = "<group>"; };
		AAF9255E215C4E94007D7ACE /* LocationImageViewController.swift */ = {isa = PBXFileReference; lastKnownFileType = sourcecode.swift; path = LocationImageViewController.swift; sourceTree = "<group>"; };
/* End PBXFileReference section */

/* Begin PBXFrameworksBuildPhase section */
		AA830C3F215568C800F004B3 /* Frameworks */ = {
			isa = PBXFrameworksBuildPhase;
			buildActionMask = 2147483647;
			files = (
			);
			runOnlyForDeploymentPostprocessing = 0;
		};
/* End PBXFrameworksBuildPhase section */

/* Begin PBXGroup section */
		AA350BBA2162C23900AF4460 /* Frameworks */ = {
			isa = PBXGroup;
			children = (
			);
			name = Frameworks;
			sourceTree = "<group>";
		};
		AA830C39215568C800F004B3 = {
			isa = PBXGroup;
			children = (
				AA830C44215568C800F004B3 /* Djinaro */,
				AA830C43215568C800F004B3 /* Products */,
				AAF9254A21582DE4007D7ACE /* Camera-03.png */,
				AAF9254C21582DED007D7ACE /* Camera-03.svg */,
				AAF9254E21583199007D7ACE /* djinaro.jpg */,
				AA96D522218F7A09000BB6F8 /* microphone.png */,
				AAF9255221583666007D7ACE /* backGround.jpg */,
				AA24C48E215ED95E009938CC /* slippers.jpg */,
				AA350BBA2162C23900AF4460 /* Frameworks */,
			);
			sourceTree = "<group>";
		};
		AA830C43215568C800F004B3 /* Products */ = {
			isa = PBXGroup;
			children = (
				AA830C42215568C800F004B3 /* Djinaro.app */,
			);
			name = Products;
			sourceTree = "<group>";
		};
		AA830C44215568C800F004B3 /* Djinaro */ = {
			isa = PBXGroup;
			children = (
				AA830C45215568C800F004B3 /* AppDelegate.swift */,
				AA96D524218F7E81000BB6F8 /* Old1CApp */,
				AA96D52A218F81CC000BB6F8 /* QRCODE */,
				AA830C49215568C900F004B3 /* Main.storyboard */,
				AA96D529218F8010000BB6F8 /* Receipts Controllers */,
				AA96D525218F7ECE000BB6F8 /* User info */,
				AA96D526218F7EE3000BB6F8 /* ReceiptDocument */,
				AA96D527218F7F7C000BB6F8 /* Receipt */,
				AA96D528218F7FA3000BB6F8 /* Goods */,
				AA96D52B218F81DE000BB6F8 /* Chek */,
				AA96D533219050EB000BB6F8 /* CheckRecords */,
				AA830C4C215568D000F004B3 /* Assets.xcassets */,
				AA830C4E215568D000F004B3 /* LaunchScreen.storyboard */,
				AA830C51215568D000F004B3 /* Info.plist */,
			);
			path = Djinaro;
			sourceTree = "<group>";
		};
		AA96D524218F7E81000BB6F8 /* Old1CApp */ = {
			isa = PBXGroup;
			children = (
				AAF92556215AC4AC007D7ACE /* GoodsItem.swift */,
				AAF92554215AC1E0007D7ACE /* GoodsController.swift */,
				AA830C47215568C800F004B3 /* ViewController.swift */,
				AA830C5721557C4400F004B3 /* itemsTableViewCell.swift */,
				AA830C5B2155862400F004B3 /* itemsTableViewController.swift */,
				AADB9327216BDFC000AA2C34 /* SpeechViewController.swift */,
				AAF9254821580500007D7ACE /* ItemsInfoTableViewController.swift */,
				AAF92558215C2E78007D7ACE /* GoodsInfoTableViewCell.swift */,
				AAF9255E215C4E94007D7ACE /* LocationImageViewController.swift */,
			);
			path = Old1CApp;
			sourceTree = "<group>";
		};
		AA96D525218F7ECE000BB6F8 /* User info */ = {
			isa = PBXGroup;
			children = (
				AAAECDE12187B49D00F426B1 /* UserInfoViewController.swift */,
			);
			path = "User info";
			sourceTree = "<group>";
		};
		AA96D526218F7EE3000BB6F8 /* ReceiptDocument */ = {
			isa = PBXGroup;
			children = (
				AADB93292171E77900AA2C34 /* GoodsArrivalTableViewController.swift */,
				AADB932B2171E7DA00AA2C34 /* GoodsArrivalTableViewCell.swift */,
				AA169CB3217CAB1E00BF4C51 /* NewReceiptDocumentViewController.swift */,
				AA08A0A4217656D700083C85 /* ArrivalInfoViewController.swift */,
				AA08A0A6217679F700083C85 /* ArrivalInfoTableViewCell.swift */,
			);
			path = ReceiptDocument;
			sourceTree = "<group>";
		};
		AA96D527218F7F7C000BB6F8 /* Receipt */ = {
			isa = PBXGroup;
			children = (
				AA08A0AA2177E4E000083C85 /* AddGoodsToArrivalTableViewCell.swift */,
				AA08A0A82177E4A600083C85 /* AddGoodsToArrivalViewController.swift */,
				AA169CB1217A6A3F00BF4C51 /* AddReceiptToArrivalViewController.swift */,
			);
			path = Receipt;
			sourceTree = "<group>";
		};
		AA96D528218F7FA3000BB6F8 /* Goods */ = {
			isa = PBXGroup;
			children = (
				AADB93312173D4E800AA2C34 /* GoodsTableViewController.swift */,
				AADB93332173D52900AA2C34 /* GoodsTableViewCell.swift */,
				AA08A0A2217536A800083C85 /* GoodViewController.swift */,
				AA031E0B218A3E8500818FC9 /* GoodInfoViewController.swift */,
				AA031E0D218A42CD00818FC9 /* GoodsAvailableTableViewCell.swift */,
			);
			path = Goods;
			sourceTree = "<group>";
		};
		AA96D529218F8010000BB6F8 /* Receipts Controllers */ = {
			isa = PBXGroup;
			children = (
				AADB932D2173311F00AA2C34 /* Receipt.swift */,
				AADB932F21733B4500AA2C34 /* ReceiptController.swift */,
			);
			path = "Receipts Controllers";
			sourceTree = "<group>";
		};
		AA96D52A218F81CC000BB6F8 /* QRCODE */ = {
			isa = PBXGroup;
			children = (
				AA830C5F2157D1D000F004B3 /* QRScannerController.swift */,
			);
			path = QRCODE;
			sourceTree = "<group>";
		};
		AA96D52B218F81DE000BB6F8 /* Chek */ = {
			isa = PBXGroup;
			children = (
				AA96D52F21902DBF000BB6F8 /* ChekListTableViewController.swift */,
				AA96D5312190470C000BB6F8 /* CheckListTableViewCell.swift */,
			);
			path = Chek;
			sourceTree = "<group>";
		};
		AA96D533219050EB000BB6F8 /* CheckRecords */ = {
			isa = PBXGroup;
			children = (
				AA96D53421905171000BB6F8 /* CheckRecordViewController.swift */,
				AA96D53621905F54000BB6F8 /* CheckRecordsTableViewCell.swift */,
			);
			path = CheckRecords;
			sourceTree = "<group>";
		};
/* End PBXGroup section */

/* Begin PBXNativeTarget section */
		AA830C41215568C800F004B3 /* Djinaro */ = {
			isa = PBXNativeTarget;
			buildConfigurationList = AA830C54215568D000F004B3 /* Build configuration list for PBXNativeTarget "Djinaro" */;
			buildPhases = (
				AA830C3E215568C800F004B3 /* Sources */,
				AA830C3F215568C800F004B3 /* Frameworks */,
				AA830C40215568C800F004B3 /* Resources */,
			);
			buildRules = (
			);
			dependencies = (
			);
			name = Djinaro;
			productName = Djinaro;
			productReference = AA830C42215568C800F004B3 /* Djinaro.app */;
			productType = "com.apple.product-type.application";
		};
/* End PBXNativeTarget section */

/* Begin PBXProject section */
		AA830C3A215568C800F004B3 /* Project object */ = {
			isa = PBXProject;
			attributes = {
				LastSwiftUpdateCheck = 1000;
				LastUpgradeCheck = 1000;
				ORGANIZATIONNAME = Azat;
				TargetAttributes = {
					AA830C41215568C800F004B3 = {
						CreatedOnToolsVersion = 10.0;
						SystemCapabilities = {
							com.apple.InAppPurchase = {
								enabled = 0;
							};
						};
					};
				};
			};
			buildConfigurationList = AA830C3D215568C800F004B3 /* Build configuration list for PBXProject "Djinaro" */;
			compatibilityVersion = "Xcode 9.3";
			developmentRegion = en;
			hasScannedForEncodings = 0;
			knownRegions = (
				en,
				Base,
			);
			mainGroup = AA830C39215568C800F004B3;
			productRefGroup = AA830C43215568C800F004B3 /* Products */;
			projectDirPath = "";
			projectRoot = "";
			targets = (
				AA830C41215568C800F004B3 /* Djinaro */,
			);
		};
/* End PBXProject section */

/* Begin PBXResourcesBuildPhase section */
		AA830C40215568C800F004B3 /* Resources */ = {
			isa = PBXResourcesBuildPhase;
			buildActionMask = 2147483647;
			files = (
				AA830C50215568D000F004B3 /* LaunchScreen.storyboard in Resources */,
				AAF9254B21582DE5007D7ACE /* Camera-03.png in Resources */,
				AAF9254D21582DED007D7ACE /* Camera-03.svg in Resources */,
				AA96D523218F7A09000BB6F8 /* microphone.png in Resources */,
				AAF9255321583666007D7ACE /* backGround.jpg in Resources */,
				AA830C4D215568D000F004B3 /* Assets.xcassets in Resources */,
				AA24C48F215ED95E009938CC /* slippers.jpg in Resources */,
				AA830C4B215568C900F004B3 /* Main.storyboard in Resources */,
				AAF9254F2158319A007D7ACE /* djinaro.jpg in Resources */,
			);
			runOnlyForDeploymentPostprocessing = 0;
		};
/* End PBXResourcesBuildPhase section */

/* Begin PBXSourcesBuildPhase section */
		AA830C3E215568C800F004B3 /* Sources */ = {
			isa = PBXSourcesBuildPhase;
			buildActionMask = 2147483647;
			files = (
				AADB933021733B4500AA2C34 /* ReceiptController.swift in Sources */,
				AA08A0A7217679F700083C85 /* ArrivalInfoTableViewCell.swift in Sources */,
				AA96D53721905F54000BB6F8 /* CheckRecordsTableViewCell.swift in Sources */,
				AA830C48215568C800F004B3 /* ViewController.swift in Sources */,
				AA830C5821557C4400F004B3 /* itemsTableViewCell.swift in Sources */,
				AADB932E2173311F00AA2C34 /* Receipt.swift in Sources */,
				AA169CB4217CAB1E00BF4C51 /* NewReceiptDocumentViewController.swift in Sources */,
				AA08A0A5217656D700083C85 /* ArrivalInfoViewController.swift in Sources */,
				AAAECDE22187B49D00F426B1 /* UserInfoViewController.swift in Sources */,
				AA830C46215568C800F004B3 /* AppDelegate.swift in Sources */,
				AA830C5C2155862400F004B3 /* itemsTableViewController.swift in Sources */,
				AADB932A2171E77900AA2C34 /* GoodsArrivalTableViewController.swift in Sources */,
				AA08A0A3217536A800083C85 /* GoodViewController.swift in Sources */,
				AAF9254921580500007D7ACE /* ItemsInfoTableViewController.swift in Sources */,
				AA031E0E218A42CD00818FC9 /* GoodsAvailableTableViewCell.swift in Sources */,
				AA031E0C218A3E8600818FC9 /* GoodInfoViewController.swift in Sources */,
				AAF92557215AC4AC007D7ACE /* GoodsItem.swift in Sources */,
				AA830C602157D1D000F004B3 /* QRScannerController.swift in Sources */,
				AAF92559215C2E78007D7ACE /* GoodsInfoTableViewCell.swift in Sources */,
				AA08A0A92177E4A600083C85 /* AddGoodsToArrivalViewController.swift in Sources */,
				AA08A0AB2177E4E000083C85 /* AddGoodsToArrivalTableViewCell.swift in Sources */,
				AA169CB2217A6A3F00BF4C51 /* AddReceiptToArrivalViewController.swift in Sources */,
				AAF92555215AC1E0007D7ACE /* GoodsController.swift in Sources */,
				AA96D53021902DBF000BB6F8 /* ChekListTableViewController.swift in Sources */,
				AA96D5322190470C000BB6F8 /* CheckListTableViewCell.swift in Sources */,
				AA96D53521905171000BB6F8 /* CheckRecordViewController.swift in Sources */,
				AADB93322173D4E800AA2C34 /* GoodsTableViewController.swift in Sources */,
				AAF9255F215C4E94007D7ACE /* LocationImageViewController.swift in Sources */,
				AADB93342173D52900AA2C34 /* GoodsTableViewCell.swift in Sources */,
				AADB932C2171E7DA00AA2C34 /* GoodsArrivalTableViewCell.swift in Sources */,
				AADB9328216BDFC000AA2C34 /* SpeechViewController.swift in Sources */,
			);
			runOnlyForDeploymentPostprocessing = 0;
		};
/* End PBXSourcesBuildPhase section */

/* Begin PBXVariantGroup section */
		AA830C49215568C900F004B3 /* Main.storyboard */ = {
			isa = PBXVariantGroup;
			children = (
				AA830C4A215568C900F004B3 /* Base */,
			);
			name = Main.storyboard;
			sourceTree = "<group>";
		};
		AA830C4E215568D000F004B3 /* LaunchScreen.storyboard */ = {
			isa = PBXVariantGroup;
			children = (
				AA830C4F215568D000F004B3 /* Base */,
			);
			name = LaunchScreen.storyboard;
			sourceTree = "<group>";
		};
/* End PBXVariantGroup section */

/* Begin XCBuildConfiguration section */
		AA830C52215568D000F004B3 /* Debug */ = {
			isa = XCBuildConfiguration;
			buildSettings = {
				ALWAYS_SEARCH_USER_PATHS = NO;
				CLANG_ANALYZER_NONNULL = YES;
				CLANG_ANALYZER_NUMBER_OBJECT_CONVERSION = YES_AGGRESSIVE;
				CLANG_CXX_LANGUAGE_STANDARD = "gnu++14";
				CLANG_CXX_LIBRARY = "libc++";
				CLANG_ENABLE_MODULES = YES;
				CLANG_ENABLE_OBJC_ARC = YES;
				CLANG_ENABLE_OBJC_WEAK = YES;
				CLANG_WARN_BLOCK_CAPTURE_AUTORELEASING = YES;
				CLANG_WARN_BOOL_CONVERSION = YES;
				CLANG_WARN_COMMA = YES;
				CLANG_WARN_CONSTANT_CONVERSION = YES;
				CLANG_WARN_DEPRECATED_OBJC_IMPLEMENTATIONS = YES;
				CLANG_WARN_DIRECT_OBJC_ISA_USAGE = YES_ERROR;
				CLANG_WARN_DOCUMENTATION_COMMENTS = YES;
				CLANG_WARN_EMPTY_BODY = YES;
				CLANG_WARN_ENUM_CONVERSION = YES;
				CLANG_WARN_INFINITE_RECURSION = YES;
				CLANG_WARN_INT_CONVERSION = YES;
				CLANG_WARN_NON_LITERAL_NULL_CONVERSION = YES;
				CLANG_WARN_OBJC_IMPLICIT_RETAIN_SELF = YES;
				CLANG_WARN_OBJC_LITERAL_CONVERSION = YES;
				CLANG_WARN_OBJC_ROOT_CLASS = YES_ERROR;
				CLANG_WARN_RANGE_LOOP_ANALYSIS = YES;
				CLANG_WARN_STRICT_PROTOTYPES = YES;
				CLANG_WARN_SUSPICIOUS_MOVE = YES;
				CLANG_WARN_UNGUARDED_AVAILABILITY = YES_AGGRESSIVE;
				CLANG_WARN_UNREACHABLE_CODE = YES;
				CLANG_WARN__DUPLICATE_METHOD_MATCH = YES;
				CODE_SIGN_IDENTITY = "iPhone Developer";
				COPY_PHASE_STRIP = NO;
				DEBUG_INFORMATION_FORMAT = dwarf;
				ENABLE_STRICT_OBJC_MSGSEND = YES;
				ENABLE_TESTABILITY = YES;
				GCC_C_LANGUAGE_STANDARD = gnu11;
				GCC_DYNAMIC_NO_PIC = NO;
				GCC_NO_COMMON_BLOCKS = YES;
				GCC_OPTIMIZATION_LEVEL = 0;
				GCC_PREPROCESSOR_DEFINITIONS = (
					"DEBUG=1",
					"$(inherited)",
				);
				GCC_WARN_64_TO_32_BIT_CONVERSION = YES;
				GCC_WARN_ABOUT_RETURN_TYPE = YES_ERROR;
				GCC_WARN_UNDECLARED_SELECTOR = YES;
				GCC_WARN_UNINITIALIZED_AUTOS = YES_AGGRESSIVE;
				GCC_WARN_UNUSED_FUNCTION = YES;
				GCC_WARN_UNUSED_VARIABLE = YES;
				IPHONEOS_DEPLOYMENT_TARGET = 12.0;
				MTL_ENABLE_DEBUG_INFO = INCLUDE_SOURCE;
				MTL_FAST_MATH = YES;
				ONLY_ACTIVE_ARCH = YES;
				SDKROOT = iphoneos;
				SWIFT_ACTIVE_COMPILATION_CONDITIONS = DEBUG;
				SWIFT_OPTIMIZATION_LEVEL = "-Onone";
			};
			name = Debug;
		};
		AA830C53215568D000F004B3 /* Release */ = {
			isa = XCBuildConfiguration;
			buildSettings = {
				ALWAYS_SEARCH_USER_PATHS = NO;
				CLANG_ANALYZER_NONNULL = YES;
				CLANG_ANALYZER_NUMBER_OBJECT_CONVERSION = YES_AGGRESSIVE;
				CLANG_CXX_LANGUAGE_STANDARD = "gnu++14";
				CLANG_CXX_LIBRARY = "libc++";
				CLANG_ENABLE_MODULES = YES;
				CLANG_ENABLE_OBJC_ARC = YES;
				CLANG_ENABLE_OBJC_WEAK = YES;
				CLANG_WARN_BLOCK_CAPTURE_AUTORELEASING = YES;
				CLANG_WARN_BOOL_CONVERSION = YES;
				CLANG_WARN_COMMA = YES;
				CLANG_WARN_CONSTANT_CONVERSION = YES;
				CLANG_WARN_DEPRECATED_OBJC_IMPLEMENTATIONS = YES;
				CLANG_WARN_DIRECT_OBJC_ISA_USAGE = YES_ERROR;
				CLANG_WARN_DOCUMENTATION_COMMENTS = YES;
				CLANG_WARN_EMPTY_BODY = YES;
				CLANG_WARN_ENUM_CONVERSION = YES;
				CLANG_WARN_INFINITE_RECURSION = YES;
				CLANG_WARN_INT_CONVERSION = YES;
				CLANG_WARN_NON_LITERAL_NULL_CONVERSION = YES;
				CLANG_WARN_OBJC_IMPLICIT_RETAIN_SELF = YES;
				CLANG_WARN_OBJC_LITERAL_CONVERSION = YES;
				CLANG_WARN_OBJC_ROOT_CLASS = YES_ERROR;
				CLANG_WARN_RANGE_LOOP_ANALYSIS = YES;
				CLANG_WARN_STRICT_PROTOTYPES = YES;
				CLANG_WARN_SUSPICIOUS_MOVE = YES;
				CLANG_WARN_UNGUARDED_AVAILABILITY = YES_AGGRESSIVE;
				CLANG_WARN_UNREACHABLE_CODE = YES;
				CLANG_WARN__DUPLICATE_METHOD_MATCH = YES;
				CODE_SIGN_IDENTITY = "iPhone Developer";
				COPY_PHASE_STRIP = NO;
				DEBUG_INFORMATION_FORMAT = "dwarf-with-dsym";
				ENABLE_NS_ASSERTIONS = NO;
				ENABLE_STRICT_OBJC_MSGSEND = YES;
				GCC_C_LANGUAGE_STANDARD = gnu11;
				GCC_NO_COMMON_BLOCKS = YES;
				GCC_WARN_64_TO_32_BIT_CONVERSION = YES;
				GCC_WARN_ABOUT_RETURN_TYPE = YES_ERROR;
				GCC_WARN_UNDECLARED_SELECTOR = YES;
				GCC_WARN_UNINITIALIZED_AUTOS = YES_AGGRESSIVE;
				GCC_WARN_UNUSED_FUNCTION = YES;
				GCC_WARN_UNUSED_VARIABLE = YES;
				IPHONEOS_DEPLOYMENT_TARGET = 12.0;
				MTL_ENABLE_DEBUG_INFO = NO;
				MTL_FAST_MATH = YES;
				SDKROOT = iphoneos;
				SWIFT_COMPILATION_MODE = wholemodule;
				SWIFT_OPTIMIZATION_LEVEL = "-O";
				VALIDATE_PRODUCT = YES;
			};
			name = Release;
		};
		AA830C55215568D000F004B3 /* Debug */ = {
			isa = XCBuildConfiguration;
			buildSettings = {
				ASSETCATALOG_COMPILER_APPICON_NAME = AppIcon;
				CODE_SIGN_IDENTITY = "iPhone Developer";
				CODE_SIGN_STYLE = Automatic;
				DEVELOPMENT_TEAM = 45B5A22726;
				INFOPLIST_FILE = Djinaro/Info.plist;
				LD_RUNPATH_SEARCH_PATHS = (
					"$(inherited)",
					"@executable_path/Frameworks",
				);
				PRODUCT_BUNDLE_IDENTIFIER = "Pick-and-Pop.Djinaro-1";
				PRODUCT_NAME = "$(TARGET_NAME)";
				PROVISIONING_PROFILE_SPECIFIER = "";
				SWIFT_VERSION = 4.2;
				TARGETED_DEVICE_FAMILY = "1,2";
			};
			name = Debug;
		};
		AA830C56215568D000F004B3 /* Release */ = {
			isa = XCBuildConfiguration;
			buildSettings = {
				ASSETCATALOG_COMPILER_APPICON_NAME = AppIcon;
				CODE_SIGN_IDENTITY = "iPhone Developer";
				CODE_SIGN_STYLE = Automatic;
				DEVELOPMENT_TEAM = 45B5A22726;
				INFOPLIST_FILE = Djinaro/Info.plist;
				LD_RUNPATH_SEARCH_PATHS = (
					"$(inherited)",
					"@executable_path/Frameworks",
				);
				PRODUCT_BUNDLE_IDENTIFIER = "Pick-and-Pop.Djinaro-1";
				PRODUCT_NAME = "$(TARGET_NAME)";
				PROVISIONING_PROFILE_SPECIFIER = "";
				SWIFT_VERSION = 4.2;
				TARGETED_DEVICE_FAMILY = "1,2";
			};
			name = Release;
		};
/* End XCBuildConfiguration section */

/* Begin XCConfigurationList section */
		AA830C3D215568C800F004B3 /* Build configuration list for PBXProject "Djinaro" */ = {
			isa = XCConfigurationList;
			buildConfigurations = (
				AA830C52215568D000F004B3 /* Debug */,
				AA830C53215568D000F004B3 /* Release */,
			);
			defaultConfigurationIsVisible = 0;
			defaultConfigurationName = Release;
		};
		AA830C54215568D000F004B3 /* Build configuration list for PBXNativeTarget "Djinaro" */ = {
			isa = XCConfigurationList;
			buildConfigurations = (
				AA830C55215568D000F004B3 /* Debug */,
				AA830C56215568D000F004B3 /* Release */,
			);
			defaultConfigurationIsVisible = 0;
			defaultConfigurationName = Release;
		};
/* End XCConfigurationList section */
	};
	rootObject = AA830C3A215568C800F004B3 /* Project object */;
}
